// !$*UTF8*$!
{
	archiveVersion = 1;
	classes = {
	};
	objectVersion = 50;
	objects = {

/* Begin PBXBuildFile section */
		801492E6248557360022DA8D /* Settings.swift in Sources */ = {isa = PBXBuildFile; fileRef = 801492E5248557360022DA8D /* Settings.swift */; };
		801492E8248560A30022DA8D /* CurrencyCell.swift in Sources */ = {isa = PBXBuildFile; fileRef = 801492E7248560A30022DA8D /* CurrencyCell.swift */; };
		801492EB248647BE0022DA8D /* CurrencyInfo.swift in Sources */ = {isa = PBXBuildFile; fileRef = 801492EA248647BE0022DA8D /* CurrencyInfo.swift */; };
		80E099E12485099D00A665EA /* AppDelegate.swift in Sources */ = {isa = PBXBuildFile; fileRef = 80E099E02485099D00A665EA /* AppDelegate.swift */; };
		80E099E32485099D00A665EA /* SceneDelegate.swift in Sources */ = {isa = PBXBuildFile; fileRef = 80E099E22485099D00A665EA /* SceneDelegate.swift */; };
		80E099E52485099D00A665EA /* ContentView.swift in Sources */ = {isa = PBXBuildFile; fileRef = 80E099E42485099D00A665EA /* ContentView.swift */; };
		80E099E72485099E00A665EA /* Assets.xcassets in Resources */ = {isa = PBXBuildFile; fileRef = 80E099E62485099E00A665EA /* Assets.xcassets */; };
		80E099EA2485099E00A665EA /* Preview Assets.xcassets in Resources */ = {isa = PBXBuildFile; fileRef = 80E099E92485099E00A665EA /* Preview Assets.xcassets */; };
		80E099ED2485099E00A665EA /* LaunchScreen.storyboard in Resources */ = {isa = PBXBuildFile; fileRef = 80E099EB2485099E00A665EA /* LaunchScreen.storyboard */; };
		80E099F524850A8500A665EA /* API.swift in Sources */ = {isa = PBXBuildFile; fileRef = 80E099F424850A8500A665EA /* API.swift */; };
/* End PBXBuildFile section */

/* Begin PBXFileReference section */
		801492E5248557360022DA8D /* Settings.swift */ = {isa = PBXFileReference; lastKnownFileType = sourcecode.swift; path = Settings.swift; sourceTree = "<group>"; };
		801492E7248560A30022DA8D /* CurrencyCell.swift */ = {isa = PBXFileReference; lastKnownFileType = sourcecode.swift; path = CurrencyCell.swift; sourceTree = "<group>"; };
		801492EA248647BE0022DA8D /* CurrencyInfo.swift */ = {isa = PBXFileReference; lastKnownFileType = sourcecode.swift; path = CurrencyInfo.swift; sourceTree = "<group>"; };
		80E099DD2485099D00A665EA /* CurrencyApp.app */ = {isa = PBXFileReference; explicitFileType = wrapper.application; includeInIndex = 0; path = CurrencyApp.app; sourceTree = BUILT_PRODUCTS_DIR; };
		80E099E02485099D00A665EA /* AppDelegate.swift */ = {isa = PBXFileReference; lastKnownFileType = sourcecode.swift; path = AppDelegate.swift; sourceTree = "<group>"; };
		80E099E22485099D00A665EA /* SceneDelegate.swift */ = {isa = PBXFileReference; lastKnownFileType = sourcecode.swift; path = SceneDelegate.swift; sourceTree = "<group>"; };
		80E099E42485099D00A665EA /* ContentView.swift */ = {isa = PBXFileReference; lastKnownFileType = sourcecode.swift; path = ContentView.swift; sourceTree = "<group>"; };
		80E099E62485099E00A665EA /* Assets.xcassets */ = {isa = PBXFileReference; lastKnownFileType = folder.assetcatalog; path = Assets.xcassets; sourceTree = "<group>"; };
		80E099E92485099E00A665EA /* Preview Assets.xcassets */ = {isa = PBXFileReference; lastKnownFileType = folder.assetcatalog; path = "Preview Assets.xcassets"; sourceTree = "<group>"; };
		80E099EC2485099E00A665EA /* Base */ = {isa = PBXFileReference; lastKnownFileType = file.storyboard; name = Base; path = Base.lproj/LaunchScreen.storyboard; sourceTree = "<group>"; };
		80E099EE2485099E00A665EA /* Info.plist */ = {isa = PBXFileReference; lastKnownFileType = text.plist.xml; path = Info.plist; sourceTree = "<group>"; };
		80E099F424850A8500A665EA /* API.swift */ = {isa = PBXFileReference; lastKnownFileType = sourcecode.swift; path = API.swift; sourceTree = "<group>"; };
/* End PBXFileReference section */

/* Begin PBXFrameworksBuildPhase section */
		80E099DA2485099D00A665EA /* Frameworks */ = {
			isa = PBXFrameworksBuildPhase;
			buildActionMask = 2147483647;
			files = (
			);
			runOnlyForDeploymentPostprocessing = 0;
		};
/* End PBXFrameworksBuildPhase section */

/* Begin PBXGroup section */
		80E099D42485099D00A665EA = {
			isa = PBXGroup;
			children = (
				801492EA248647BE0022DA8D /* CurrencyInfo.swift */,
				80E099DF2485099D00A665EA /* CurrencyApp */,
				80E099DE2485099D00A665EA /* Products */,
			);
			sourceTree = "<group>";
		};
		80E099DE2485099D00A665EA /* Products */ = {
			isa = PBXGroup;
			children = (
				80E099DD2485099D00A665EA /* CurrencyApp.app */,
			);
			name = Products;
			sourceTree = "<group>";
		};
		80E099DF2485099D00A665EA /* CurrencyApp */ = {
			isa = PBXGroup;
			children = (
				80E099E02485099D00A665EA /* AppDelegate.swift */,
				80E099E22485099D00A665EA /* SceneDelegate.swift */,
				801492E7248560A30022DA8D /* CurrencyCell.swift */,
				80E099E42485099D00A665EA /* ContentView.swift */,
				801492E5248557360022DA8D /* Settings.swift */,
				80E099F424850A8500A665EA /* API.swift */,
				80E099E62485099E00A665EA /* Assets.xcassets */,
				80E099EB2485099E00A665EA /* LaunchScreen.storyboard */,
				80E099EE2485099E00A665EA /* Info.plist */,
				80E099E82485099E00A665EA /* Preview Content */,
			);
			path = CurrencyApp;
			sourceTree = "<group>";
		};
		80E099E82485099E00A665EA /* Preview Content */ = {
			isa = PBXGroup;
			children = (
				80E099E92485099E00A665EA /* Preview Assets.xcassets */,
			);
			path = "Preview Content";
			sourceTree = "<group>";
		};
/* End PBXGroup section */

/* Begin PBXNativeTarget section */
		80E099DC2485099D00A665EA /* CurrencyApp */ = {
			isa = PBXNativeTarget;
			buildConfigurationList = 80E099F12485099E00A665EA /* Build configuration list for PBXNativeTarget "CurrencyApp" */;
			buildPhases = (
				80E099D92485099D00A665EA /* Sources */,
				80E099DA2485099D00A665EA /* Frameworks */,
				80E099DB2485099D00A665EA /* Resources */,
			);
			buildRules = (
			);
			dependencies = (
			);
			name = CurrencyApp;
			productName = CurrencyApp;
			productReference = 80E099DD2485099D00A665EA /* CurrencyApp.app */;
			productType = "com.apple.product-type.application";
		};
/* End PBXNativeTarget section */

/* Begin PBXProject section */
		80E099D52485099D00A665EA /* Project object */ = {
			isa = PBXProject;
			attributes = {
				LastSwiftUpdateCheck = 1150;
				LastUpgradeCheck = 1150;
				ORGANIZATIONNAME = ChernykhVladimir;
				TargetAttributes = {
					80E099DC2485099D00A665EA = {
						CreatedOnToolsVersion = 11.5;
					};
				};
			};
			buildConfigurationList = 80E099D82485099D00A665EA /* Build configuration list for PBXProject "CurrencyApp" */;
			compatibilityVersion = "Xcode 9.3";
			developmentRegion = en;
			hasScannedForEncodings = 0;
			knownRegions = (
				en,
				Base,
			);
			mainGroup = 80E099D42485099D00A665EA;
			productRefGroup = 80E099DE2485099D00A665EA /* Products */;
			projectDirPath = "";
			projectRoot = "";
			targets = (
				80E099DC2485099D00A665EA /* CurrencyApp */,
			);
		};
/* End PBXProject section */

/* Begin PBXResourcesBuildPhase section */
		80E099DB2485099D00A665EA /* Resources */ = {
			isa = PBXResourcesBuildPhase;
			buildActionMask = 2147483647;
			files = (
				80E099ED2485099E00A665EA /* LaunchScreen.storyboard in Resources */,
				80E099EA2485099E00A665EA /* Preview Assets.xcassets in Resources */,
				80E099E72485099E00A665EA /* Assets.xcassets in Resources */,
			);
			runOnlyForDeploymentPostprocessing = 0;
		};
/* End PBXResourcesBuildPhase section */

/* Begin PBXSourcesBuildPhase section */
		80E099D92485099D00A665EA /* Sources */ = {
			isa = PBXSourcesBuildPhase;
			buildActionMask = 2147483647;
			files = (
				801492E8248560A30022DA8D /* CurrencyCell.swift in Sources */,
				80E099E12485099D00A665EA /* AppDelegate.swift in Sources */,
				801492EB248647BE0022DA8D /* CurrencyInfo.swift in Sources */,
				80E099E32485099D00A665EA /* SceneDelegate.swift in Sources */,
				80E099F524850A8500A665EA /* API.swift in Sources */,
				80E099E52485099D00A665EA /* ContentView.swift in Sources */,
				801492E6248557360022DA8D /* Settings.swift in Sources */,
			);
			runOnlyForDeploymentPostprocessing = 0;
		};
/* End PBXSourcesBuildPhase section */

/* Begin PBXVariantGroup section */
		80E099EB2485099E00A665EA /* LaunchScreen.storyboard */ = {
			isa = PBXVariantGroup;
			children = (
				80E099EC2485099E00A665EA /* Base */,
			);
			name = LaunchScreen.storyboard;
			sourceTree = "<group>";
		};
/* End PBXVariantGroup section */

/* Begin XCBuildConfiguration section */
		80E099EF2485099E00A665EA /* Debug */ = {
			isa = XCBuildConfiguration;
			buildSettings = {
				ALWAYS_SEARCH_USER_PATHS = NO;
				CLANG_ANALYZER_NONNULL = YES;
				CLANG_ANALYZER_NUMBER_OBJECT_CONVERSION = YES_AGGRESSIVE;
				CLANG_CXX_LANGUAGE_STANDARD = "gnu++14";
				CLANG_CXX_LIBRARY = "libc++";
				CLANG_ENABLE_MODULES = YES;
				CLANG_ENABLE_OBJC_ARC = YES;
				CLANG_ENABLE_OBJC_WEAK = YES;
				CLANG_WARN_BLOCK_CAPTURE_AUTORELEASING = YES;
				CLANG_WARN_BOOL_CONVERSION = YES;
				CLANG_WARN_COMMA = YES;
				CLANG_WARN_CONSTANT_CONVERSION = YES;
				CLANG_WARN_DEPRECATED_OBJC_IMPLEMENTATIONS = YES;
				CLANG_WARN_DIRECT_OBJC_ISA_USAGE = YES_ERROR;
				CLANG_WARN_DOCUMENTATION_COMMENTS = YES;
				CLANG_WARN_EMPTY_BODY = YES;
				CLANG_WARN_ENUM_CONVERSION = YES;
				CLANG_WARN_INFINITE_RECURSION = YES;
				CLANG_WARN_INT_CONVERSION = YES;
				CLANG_WARN_NON_LITERAL_NULL_CONVERSION = YES;
				CLANG_WARN_OBJC_IMPLICIT_RETAIN_SELF = YES;
				CLANG_WARN_OBJC_LITERAL_CONVERSION = YES;
				CLANG_WARN_OBJC_ROOT_CLASS = YES_ERROR;
				CLANG_WARN_RANGE_LOOP_ANALYSIS = YES;
				CLANG_WARN_STRICT_PROTOTYPES = YES;
				CLANG_WARN_SUSPICIOUS_MOVE = YES;
				CLANG_WARN_UNGUARDED_AVAILABILITY = YES_AGGRESSIVE;
				CLANG_WARN_UNREACHABLE_CODE = YES;
				CLANG_WARN__DUPLICATE_METHOD_MATCH = YES;
				COPY_PHASE_STRIP = NO;
				DEBUG_INFORMATION_FORMAT = dwarf;
				ENABLE_STRICT_OBJC_MSGSEND = YES;
				ENABLE_TESTABILITY = YES;
				GCC_C_LANGUAGE_STANDARD = gnu11;
				GCC_DYNAMIC_NO_PIC = NO;
				GCC_NO_COMMON_BLOCKS = YES;
				GCC_OPTIMIZATION_LEVEL = 0;
				GCC_PREPROCESSOR_DEFINITIONS = (
					"DEBUG=1",
					"$(inherited)",
				);
				GCC_WARN_64_TO_32_BIT_CONVERSION = YES;
				GCC_WARN_ABOUT_RETURN_TYPE = YES_ERROR;
				GCC_WARN_UNDECLARED_SELECTOR = YES;
				GCC_WARN_UNINITIALIZED_AUTOS = YES_AGGRESSIVE;
				GCC_WARN_UNUSED_FUNCTION = YES;
				GCC_WARN_UNUSED_VARIABLE = YES;
				IPHONEOS_DEPLOYMENT_TARGET = 13.5;
				MTL_ENABLE_DEBUG_INFO = INCLUDE_SOURCE;
				MTL_FAST_MATH = YES;
				ONLY_ACTIVE_ARCH = YES;
				SDKROOT = iphoneos;
				SWIFT_ACTIVE_COMPILATION_CONDITIONS = DEBUG;
				SWIFT_OPTIMIZATION_LEVEL = "-Onone";
			};
			name = Debug;
		};
		80E099F02485099E00A665EA /* Release */ = {
			isa = XCBuildConfiguration;
			buildSettings = {
				ALWAYS_SEARCH_USER_PATHS = NO;
				CLANG_ANALYZER_NONNULL = YES;
				CLANG_ANALYZER_NUMBER_OBJECT_CONVERSION = YES_AGGRESSIVE;
				CLANG_CXX_LANGUAGE_STANDARD = "gnu++14";
				CLANG_CXX_LIBRARY = "libc++";
				CLANG_ENABLE_MODULES = YES;
				CLANG_ENABLE_OBJC_ARC = YES;
				CLANG_ENABLE_OBJC_WEAK = YES;
				CLANG_WARN_BLOCK_CAPTURE_AUTORELEASING = YES;
				CLANG_WARN_BOOL_CONVERSION = YES;
				CLANG_WARN_COMMA = YES;
				CLANG_WARN_CONSTANT_CONVERSION = YES;
				CLANG_WARN_DEPRECATED_OBJC_IMPLEMENTATIONS = YES;
				CLANG_WARN_DIRECT_OBJC_ISA_USAGE = YES_ERROR;
				CLANG_WARN_DOCUMENTATION_COMMENTS = YES;
				CLANG_WARN_EMPTY_BODY = YES;
				CLANG_WARN_ENUM_CONVERSION = YES;
				CLANG_WARN_INFINITE_RECURSION = YES;
				CLANG_WARN_INT_CONVERSION = YES;
				CLANG_WARN_NON_LITERAL_NULL_CONVERSION = YES;
				CLANG_WARN_OBJC_IMPLICIT_RETAIN_SELF = YES;
				CLANG_WARN_OBJC_LITERAL_CONVERSION = YES;
				CLANG_WARN_OBJC_ROOT_CLASS = YES_ERROR;
				CLANG_WARN_RANGE_LOOP_ANALYSIS = YES;
				CLANG_WARN_STRICT_PROTOTYPES = YES;
				CLANG_WARN_SUSPICIOUS_MOVE = YES;
				CLANG_WARN_UNGUARDED_AVAILABILITY = YES_AGGRESSIVE;
				CLANG_WARN_UNREACHABLE_CODE = YES;
				CLANG_WARN__DUPLICATE_METHOD_MATCH = YES;
				COPY_PHASE_STRIP = NO;
				DEBUG_INFORMATION_FORMAT = "dwarf-with-dsym";
				ENABLE_NS_ASSERTIONS = NO;
				ENABLE_STRICT_OBJC_MSGSEND = YES;
				GCC_C_LANGUAGE_STANDARD = gnu11;
				GCC_NO_COMMON_BLOCKS = YES;
				GCC_WARN_64_TO_32_BIT_CONVERSION = YES;
				GCC_WARN_ABOUT_RETURN_TYPE = YES_ERROR;
				GCC_WARN_UNDECLARED_SELECTOR = YES;
				GCC_WARN_UNINITIALIZED_AUTOS = YES_AGGRESSIVE;
				GCC_WARN_UNUSED_FUNCTION = YES;
				GCC_WARN_UNUSED_VARIABLE = YES;
				IPHONEOS_DEPLOYMENT_TARGET = 13.5;
				MTL_ENABLE_DEBUG_INFO = NO;
				MTL_FAST_MATH = YES;
				SDKROOT = iphoneos;
				SWIFT_COMPILATION_MODE = wholemodule;
				SWIFT_OPTIMIZATION_LEVEL = "-O";
				VALIDATE_PRODUCT = YES;
			};
			name = Release;
		};
		80E099F22485099E00A665EA /* Debug */ = {
			isa = XCBuildConfiguration;
			buildSettings = {
				ASSETCATALOG_COMPILER_APPICON_NAME = AppIcon;
				CODE_SIGN_STYLE = Automatic;
				DEVELOPMENT_ASSET_PATHS = "\"CurrencyApp/Preview Content\"";
				DEVELOPMENT_TEAM = 3BJD363R2V;
				ENABLE_PREVIEWS = YES;
				INFOPLIST_FILE = CurrencyApp/Info.plist;
				IPHONEOS_DEPLOYMENT_TARGET = 13.4;
				LD_RUNPATH_SEARCH_PATHS = (
					"$(inherited)",
					"@executable_path/Frameworks",
				);
				PRODUCT_BUNDLE_IDENTIFIER = ChernykhVladimir.CurrencyApp;
				PRODUCT_NAME = "$(TARGET_NAME)";
				SWIFT_VERSION = 5.0;
				TARGETED_DEVICE_FAMILY = "1,2";
			};
			name = Debug;
		};
		80E099F32485099E00A665EA /* Release */ = {
			isa = XCBuildConfiguration;
			buildSettings = {
				ASSETCATALOG_COMPILER_APPICON_NAME = AppIcon;
				CODE_SIGN_STYLE = Automatic;
				DEVELOPMENT_ASSET_PATHS = "\"CurrencyApp/Preview Content\"";
				DEVELOPMENT_TEAM = 3BJD363R2V;
				ENABLE_PREVIEWS = YES;
				INFOPLIST_FILE = CurrencyApp/Info.plist;
				IPHONEOS_DEPLOYMENT_TARGET = 13.4;
				LD_RUNPATH_SEARCH_PATHS = (
					"$(inherited)",
					"@executable_path/Frameworks",
				);
				PRODUCT_BUNDLE_IDENTIFIER = ChernykhVladimir.CurrencyApp;
				PRODUCT_NAME = "$(TARGET_NAME)";
				SWIFT_VERSION = 5.0;
				TARGETED_DEVICE_FAMILY = "1,2";
			};
			name = Release;
		};
/* End XCBuildConfiguration section */

/* Begin XCConfigurationList section */
		80E099D82485099D00A665EA /* Build configuration list for PBXProject "CurrencyApp" */ = {
			isa = XCConfigurationList;
			buildConfigurations = (
				80E099EF2485099E00A665EA /* Debug */,
				80E099F02485099E00A665EA /* Release */,
			);
			defaultConfigurationIsVisible = 0;
			defaultConfigurationName = Release;
		};
		80E099F12485099E00A665EA /* Build configuration list for PBXNativeTarget "CurrencyApp" */ = {
			isa = XCConfigurationList;
			buildConfigurations = (
				80E099F22485099E00A665EA /* Debug */,
				80E099F32485099E00A665EA /* Release */,
			);
			defaultConfigurationIsVisible = 0;
			defaultConfigurationName = Release;
		};
/* End XCConfigurationList section */
	};
	rootObject = 80E099D52485099D00A665EA /* Project object */;
}
